
Microsoft Visual Studio Solution File, Format Version 12.00
# Visual Studio Version 17
VisualStudioVersion = 17.11.35222.181
MinimumVisualStudioVersion = 10.0.40219.1
Project("{FAE04EC0-301F-11D3-BF4B-00C04F79EFBC}") = "Highlight.ASP4", "Highlight.ASP4.csproj", "{D5182278-9644-488F-A757-F17AB8B8E9DC}"
EndProject
Global
	GlobalSection(SolutionConfigurationPlatforms) = preSolution
		Debug|Any CPU = Debug|Any CPU
		Release|Any CPU = Release|Any CPU
	EndGlobalSection
	GlobalSection(ProjectConfigurationPlatforms) = postSolution
		{D5182278-9644-488F-A757-F17AB8B8E9DC}.Debug|Any CPU.ActiveCfg = Debug|Any CPU
		{D5182278-9644-488F-A757-F17AB8B8E9DC}.Debug|Any CPU.Build.0 = Debug|Any CPU
		{D5182278-9644-488F-A757-F17AB8B8E9DC}.Release|Any CPU.ActiveCfg = Release|Any CPU
		{D5182278-9644-488F-A757-F17AB8B8E9DC}.Release|Any CPU.Build.0 = Release|Any CPU
		{25A990F2-9E86-4AAB-B70C-40A4A3D13D9F}.Debug|Any CPU.ActiveCfg = Debug|Any CPU
		{25A990F2-9E86-4AAB-B70C-40A4A3D13D9F}.Debug|Any CPU.Build.0 = Debug|Any CPU
		{25A990F2-9E86-4AAB-B70C-40A4A3D13D9F}.Release|Any CPU.ActiveCfg = Release|Any CPU
		{25A990F2-9E86-4AAB-B70C-40A4A3D13D9F}.Release|Any CPU.Build.0 = Release|Any CPU
	EndGlobalSection
	GlobalSection(SolutionProperties) = preSolution
		HideSolutionNode = FALSE
	EndGlobalSection
	GlobalSection(ExtensibilityGlobals) = postSolution
		SolutionGuid = {630E6DA0-ACEB-400B-8002-156C4FAE96BB}
	EndGlobalSection
EndGlobal
