# THIS IS AN AUTOGENERATED FILE. DO NOT EDIT THIS FILE DIRECTLY.
# yarn lockfile v1


react-use-dimensions@^1.2.1:
  version "1.2.1"
  resolved "https://registry.yarnpkg.com/react-use-dimensions/-/react-use-dimensions-1.2.1.tgz#eb1561db7b06c393209d2bffa449931dd93f7870"
  integrity sha512-XL+Rup9Hosxx3Ap9xpyQMbVwuUa4BSqiOjfBb2zDuGs4uv2FesFV+m8Z/huRx2BNptMd9ARPqFuSNA62zhCozg==
