# THIS IS AN AUTOGENERATED FILE. DO NOT EDIT THIS FILE DIRECTLY.
# yarn lockfile v1


"@types/mousetrap@^1.6.4":
  version "1.6.4"
  resolved "https://registry.yarnpkg.com/@types/mousetrap/-/mousetrap-1.6.4.tgz#32503197fca4168b10bf251c1d677a9b5b1c2415"
  integrity sha512-+Y900DGhe+f+4lRwHm9krsKfsiXcbdOhzTsLbytU4MiG8wE9xOw7CFKtgYKfqEAcUdWEGZRyuTxoyFl2Gx6Rdg==

mousetrap@^1.6.5:
  version "1.6.5"
  resolved "https://registry.yarnpkg.com/mousetrap/-/mousetrap-1.6.5.tgz#8a766d8c272b08393d5f56074e0b5ec183485bf9"
  integrity sha512-QNo4kEepaIBwiT8CDhP98umTetp+JNfQYBWvC1pc6/OAibuXtRcxZ58Qz8skvEHYvURne/7R8T5VoOI7rDsEUA==
