# THIS IS AN AUTOGENERATED FILE. DO NOT EDIT THIS FILE DIRECTLY.
# yarn lockfile v1


es6-promise@^4.2.8:
  version "4.2.8"
  resolved "https://registry.yarnpkg.com/es6-promise/-/es6-promise-4.2.8.tgz#4eb21594c972bc40553d276e510539143db53e0a"
  integrity sha512-HJDGx5daxeIvxdBxvG2cb9g4tEvwIk3i8+nhX0yGrYmZUzbkdg8QbDevheDB8gd0//uPj4c1EQua8Q+MViT0/w==

exenv@^1.2.0:
  version "1.2.2"
  resolved "https://registry.yarnpkg.com/exenv/-/exenv-1.2.2.tgz#2ae78e85d9894158670b03d47bec1f03bd91bb9d"
  integrity sha1-KueOhdmJQVhnCwPUe+wfA72Ru50=

fast-deep-equal@^3.1.3:
  version "3.1.3"
  resolved "https://registry.yarnpkg.com/fast-deep-equal/-/fast-deep-equal-3.1.3.tgz#3a7d56b559d6cbc3eb512325244e619a65c6c525"
  integrity sha512-f3qQ9oQy9j2AhBe/H9VC91wLmKBCCU/gDOnKNAYG5hswO7BLKj09Hc5HYNz9cGI++xlpDCIgDaitVs03ATR84Q==

fuzzysort@^1.1.4:
  version "1.1.4"
  resolved "https://registry.yarnpkg.com/fuzzysort/-/fuzzysort-1.1.4.tgz#a0510206ed44532cbb52cf797bf5a3cb12acd4ba"
  integrity sha512-JzK/lHjVZ6joAg3OnCjylwYXYVjRiwTY6Yb25LvfpJHK8bjisfnZJ5bY8aVWwTwCXgxPNgLAtmHL+Hs5q1ddLQ==

"js-tokens@^3.0.0 || ^4.0.0":
  version "4.0.0"
  resolved "https://registry.yarnpkg.com/js-tokens/-/js-tokens-4.0.0.tgz#19203fb59991df98e3a287050d4647cdeaf32499"
  integrity sha512-RdJUflcE3cUzKiMqQgsCu06FPu9UdIJO0beYbPhHN4k6apgJtifcoCtT9bcxOpYBtpD2kCM6Sbzg4CausW/PKQ==

loose-envify@^1.0.0, loose-envify@^1.4.0:
  version "1.4.0"
  resolved "https://registry.yarnpkg.com/loose-envify/-/loose-envify-1.4.0.tgz#71ee51fa7be4caec1a63839f7e682d8132d30caf"
  integrity sha512-lyuxPGr/Wfhrlem2CL/UcnUc1zcqKAImBDzukY7Y5F/yQiNdko6+fRLevlw1HgMySw7f611UIY408EtxRSoK3Q==
  dependencies:
    js-tokens "^3.0.0 || ^4.0.0"

mousetrap@^1.6.5:
  version "1.6.5"
  resolved "https://registry.yarnpkg.com/mousetrap/-/mousetrap-1.6.5.tgz#8a766d8c272b08393d5f56074e0b5ec183485bf9"
  integrity sha512-QNo4kEepaIBwiT8CDhP98umTetp+JNfQYBWvC1pc6/OAibuXtRcxZ58Qz8skvEHYvURne/7R8T5VoOI7rDsEUA==

object-assign@^3.0.0:
  version "3.0.0"
  resolved "https://registry.yarnpkg.com/object-assign/-/object-assign-3.0.0.tgz#9bedd5ca0897949bca47e7ff408062d549f587f2"
  integrity sha1-m+3VygiXlJvKR+f/QIBi1Un1h/I=

object-assign@^4.1.1:
  version "4.1.1"
  resolved "https://registry.yarnpkg.com/object-assign/-/object-assign-4.1.1.tgz#2109adc7965887cfc05cbbd442cac8bfbb360863"
  integrity sha1-IQmtx5ZYh8/AXLvUQsrIv7s2CGM=

prop-types@^15.5.10, prop-types@^15.7.2:
  version "15.7.2"
  resolved "https://registry.yarnpkg.com/prop-types/-/prop-types-15.7.2.tgz#52c41e75b8c87e72b9d9360e0206b99dcbffa6c5"
  integrity sha512-8QQikdH7//R2vurIJSutZ1smHYTcLpRWEOlHnzcWHmBYrOGUysKwSsrC89BCiFj3CbrfJ/nXFdJepOVrY1GCHQ==
  dependencies:
    loose-envify "^1.4.0"
    object-assign "^4.1.1"
    react-is "^16.8.1"

react-autosuggest@^10.1.0:
  version "10.1.0"
  resolved "https://registry.yarnpkg.com/react-autosuggest/-/react-autosuggest-10.1.0.tgz#4d25b8acc78bb518eb70189bb96bcd777dc71ffb"
  integrity sha512-/azBHmc6z/31s/lBf6irxPf/7eejQdR0IqnZUzjdSibtlS8+Rw/R79pgDAo6Ft5QqCUTyEQ+f0FhL+1olDQ8OA==
  dependencies:
    es6-promise "^4.2.8"
    prop-types "^15.7.2"
    react-themeable "^1.1.0"
    section-iterator "^2.0.0"
    shallow-equal "^1.2.1"

react-command-palette@^0.14.0:
  version "0.14.0"
  resolved "https://registry.yarnpkg.com/react-command-palette/-/react-command-palette-0.14.0.tgz#4ea19226aa58024b856a3c435c7b2db77a066150"
  integrity sha512-vbPIbLMXTpFDvdDO66OW+m24ugQ/Lfxj+FtXq6D9yE9+6H6tQz/XZn3NC3xfZhcJKj+M5aAc5LAOzUf0yVgR8A==
  dependencies:
    fast-deep-equal "^3.1.3"
    fuzzysort "^1.1.4"
    mousetrap "^1.6.5"
    react-autosuggest "^10.1.0"
    react-modal "^3.12.1"

react-is@^16.8.1:
  version "16.13.1"
  resolved "https://registry.yarnpkg.com/react-is/-/react-is-16.13.1.tgz#789729a4dc36de2999dc156dd6c1d9c18cea56a4"
  integrity sha512-24e6ynE2H+OKt4kqsOvNd8kBpV65zoxbA4BVsEOB3ARVWQki/DHzaUoC5KuON/BiccDaCCTZBuOcfZs70kR8bQ==

react-lifecycles-compat@^3.0.0:
  version "3.0.4"
  resolved "https://registry.yarnpkg.com/react-lifecycles-compat/-/react-lifecycles-compat-3.0.4.tgz#4f1a273afdfc8f3488a8c516bfda78f872352362"
  integrity sha512-fBASbA6LnOU9dOU2eW7aQ8xmYBSXUIWr+UmF9b1efZBazGNO+rcXT/icdKnYm2pTwcRylVUYwW7H1PHfLekVzA==

react-modal@^3.12.1:
  version "3.12.1"
  resolved "https://registry.yarnpkg.com/react-modal/-/react-modal-3.12.1.tgz#38c33f70d81c33d02ff1ed115530443a3dc2afd3"
  integrity sha512-WGuXn7Fq31PbFJwtWmOk+jFtGC7E9tJVbFX0lts8ZoS5EPi9+WWylUJWLKKVm3H4GlQ7ZxY7R6tLlbSIBQ5oZA==
  dependencies:
    exenv "^1.2.0"
    prop-types "^15.5.10"
    react-lifecycles-compat "^3.0.0"
    warning "^4.0.3"

react-themeable@^1.1.0:
  version "1.1.0"
  resolved "https://registry.yarnpkg.com/react-themeable/-/react-themeable-1.1.0.tgz#7d4466dd9b2b5fa75058727825e9f152ba379a0e"
  integrity sha1-fURm3ZsrX6dQWHJ4JenxUro3mg4=
  dependencies:
    object-assign "^3.0.0"

section-iterator@^2.0.0:
  version "2.0.0"
  resolved "https://registry.yarnpkg.com/section-iterator/-/section-iterator-2.0.0.tgz#bf444d7afeeb94ad43c39ad2fb26151627ccba2a"
  integrity sha1-v0RNev7rlK1Dw5rS+yYVFifMuio=

shallow-equal@^1.2.1:
  version "1.2.1"
  resolved "https://registry.yarnpkg.com/shallow-equal/-/shallow-equal-1.2.1.tgz#4c16abfa56043aa20d050324efa68940b0da79da"
  integrity sha512-S4vJDjHHMBaiZuT9NPb616CSmLf618jawtv3sufLl6ivK8WocjAo58cXwbRV1cgqxH0Qbv+iUt6m05eqEa2IRA==

warning@^4.0.3:
  version "4.0.3"
  resolved "https://registry.yarnpkg.com/warning/-/warning-4.0.3.tgz#16e9e077eb8a86d6af7d64aa1e05fd85b4678ca3"
  integrity sha512-rpJyN222KWIvHJ/F53XSZv0Zl/accqHR8et1kpaMTD/fLCRxtV8iX8czMzY7sVZupTI3zcUTg8eycS2kNF9l6w==
  dependencies:
    loose-envify "^1.0.0"
