# THIS IS AN AUTOGENERATED FILE. DO NOT EDIT THIS FILE DIRECTLY.
# yarn lockfile v1


playwright-core@1.23.3:
  version "1.23.3"
  resolved "https://registry.yarnpkg.com/playwright-core/-/playwright-core-1.23.3.tgz#f27ad80fbf0ba9b53d142d94f052b010eaa0527b"
  integrity sha512-x35yzsXDyo0BIXYimLnUFNyb42c//NadUNH6IPGOteZm96oTGA1kn4Hq6qJTI1/f9wEc1F9O1DsznXIgXMil7A==

playwright@^1.22.2:
  version "1.23.3"
  resolved "https://registry.yarnpkg.com/playwright/-/playwright-1.23.3.tgz#67bf7e80de30a464e34b88aab02a694cbf2c59d0"
  integrity sha512-4uPqXU1PBTBnNhqIyuz+WmvjlMNrt+Rje8lwBf3RpUP9UCjP8G41qrr/vDUbMoHhQaUfdWeDuZAkPUxAv5Ag8g==
  dependencies:
    playwright-core "1.23.3"
