%{
  "opentelemetry": {:hex, :opentelemetry, "1.4.0", "f928923ed80adb5eb7894bac22e9a198478e6a8f04020ae1d6f289fdcad0b498", [:rebar3], [{:opentelemetry_api, "~> 1.3.0", [hex: :opentelemetry_api, repo: "hexpm", optional: false]}, {:opentelemetry_semantic_conventions, "~> 0.2", [hex: :opentelemetry_semantic_conventions, repo: "hexpm", optional: false]}], "hexpm", "50b32ce127413e5d87b092b4d210a3449ea80cd8224090fe68d73d576a3faa15"},
  "opentelemetry_api": {:hex, :opentelemetry_api, "1.3.0", "03e2177f28dd8d11aaa88e8522c81c2f6a788170fe52f7a65262340961e663f9", [:mix, :rebar3], [{:opentelemetry_semantic_conventions, "~> 0.2", [hex: :opentelemetry_semantic_conventions, repo: "hexpm", optional: false]}], "hexpm", "b9e5ff775fd064fa098dba3c398490b77649a352b40b0b730a6b7dc0bdd68858"},
  "opentelemetry_semantic_conventions": {:hex, :opentelemetry_semantic_conventions, "0.2.0", "b67fe459c2938fcab341cb0951c44860c62347c005ace1b50f8402576f241435", [:mix, :rebar3], [], "hexpm", "d61fa1f5639ee8668d74b527e6806e0503efc55a42db7b5f39939d84c07d6895"},
  "telemetry": {:hex, :telemetry, "1.2.1", "68fdfe8d8f05a8428483a97d7aab2f268aaff24b49e0f599faa091f1d4e7f61c", [:rebar3], [], "hexpm", "dad9ce9d8effc621708f99eac538ef1cbe05d6a874dd741de2e689c47feafed5"},
}
