
Microsoft Visual Studio Solution File, Format Version 12.00
Project("{FAE04EC0-301F-11D3-BF4B-00C04F79EFBC}") = "dotnet", "dotnet.csproj", "{F6899379-6FEB-4298-A939-0D13F7B2DFFB}"
EndProject
Global
	GlobalSection(SolutionConfigurationPlatforms) = preSolution
		Debug|Any CPU = Debug|Any CPU
		Release|Any CPU = Release|Any CPU
	EndGlobalSection
	GlobalSection(ProjectConfigurationPlatforms) = postSolution
		{F6899379-6FEB-4298-A939-0D13F7B2DFFB}.Debug|Any CPU.ActiveCfg = Debug|Any CPU
		{F6899379-6FEB-4298-A939-0D13F7B2DFFB}.Debug|Any CPU.Build.0 = Debug|Any CPU
		{F6899379-6FEB-4298-A939-0D13F7B2DFFB}.Release|Any CPU.ActiveCfg = Release|Any CPU
		{F6899379-6FEB-4298-A939-0D13F7B2DFFB}.Release|Any CPU.Build.0 = Release|Any CPU
	EndGlobalSection
EndGlobal
